dependencies:
- name: forklift
  repository: https://Datastillery.github.io/charts
  version: 3.1.1
- name: odo
  repository: https://Datastillery.github.io/charts
  version: 1.0.0
- name: reaper
  repository: https://Datastillery.github.io/charts
  version: 1.0.0
- name: valkyrie
  repository: https://Datastillery.github.io/charts
  version: 2.6.1
- name: andi
  repository: file://../andi
  version: 2.0.2
- name: external-services
  repository: https://Datastillery.github.io/charts
  version: 1.0.0
- name: kafka
  repository: https://Datastillery.github.io/charts
  version: 1.0.1
- name: kubernetes-data-platform
  repository: https://Datastillery.github.io/charts
  version: 1.6.0
- name: discovery-api
  repository: file://../discovery-api
  version: 1.0.0
- name: discovery-streams
  repository: file://../discovery-streams
  version: 1.0.0
- name: discovery-ui
  repository: file://../discovery-ui
  version: 1.0.0
digest: sha256:27814799ee36daf0b79560d9534bf69269c71bb22686c4817b5aaf8344f205d2
generated: "2021-07-08T14:37:11.488259-05:00"
